
Microsoft Visual Studio Solution File, Format Version 12.00
# Visual Studio Version 16
VisualStudioVersion = 16.0.29920.165
MinimumVisualStudioVersion = 10.0.40219.1
Project("{8BC9CEB8-8B4A-11D0-8D11-00A0C91BC942}") = "TestLuxoft", "TestLuxoft\TestLuxoft.vcxproj", "{FA78DD6C-6520-4461-9692-F0E2DDE97849}"
EndProject
Global
	GlobalSection(SolutionConfigurationPlatforms) = preSolution
		Debug|x64 = Debug|x64
		Debug|x86 = Debug|x86
		Release|x64 = Release|x64
		Release|x86 = Release|x86
	EndGlobalSection
	GlobalSection(ProjectConfigurationPlatforms) = postSolution
		{FA78DD6C-6520-4461-9692-F0E2DDE97849}.Debug|x64.ActiveCfg = Debug|x64
		{FA78DD6C-6520-4461-9692-F0E2DDE97849}.Debug|x64.Build.0 = Debug|x64
		{FA78DD6C-6520-4461-9692-F0E2DDE97849}.Debug|x86.ActiveCfg = Debug|Win32
		{FA78DD6C-6520-4461-9692-F0E2DDE97849}.Debug|x86.Build.0 = Debug|Win32
		{FA78DD6C-6520-4461-9692-F0E2DDE97849}.Release|x64.ActiveCfg = Release|x64
		{FA78DD6C-6520-4461-9692-F0E2DDE97849}.Release|x64.Build.0 = Release|x64
		{FA78DD6C-6520-4461-9692-F0E2DDE97849}.Release|x86.ActiveCfg = Release|Win32
		{FA78DD6C-6520-4461-9692-F0E2DDE97849}.Release|x86.Build.0 = Release|Win32
	EndGlobalSection
	GlobalSection(SolutionProperties) = preSolution
		HideSolutionNode = FALSE
	EndGlobalSection
	GlobalSection(ExtensibilityGlobals) = postSolution
		SolutionGuid = {EAC89A45-A989-404E-80D6-D22025784ED0}
	EndGlobalSection
EndGlobal
